// !$*UTF8*$!
{
	archiveVersion = 1;
	classes = {
	};
	objectVersion = 45;
	objects = {

/* Begin PBXBuildFile section */
		2C5A4D79107CA23C00828B7D /* CoreServices.framework in Frameworks */ = {isa = PBXBuildFile; fileRef = 2C5A4D78107CA23C00828B7D /* CoreServices.framework */; };
		2C72FD2E095819360091C86F /* Carbon.framework in Frameworks */ = {isa = PBXBuildFile; fileRef = 2C72FD2D095819360091C86F /* Carbon.framework */; };
		2C72FD31095819440091C86F /* main.c in Sources */ = {isa = PBXBuildFile; fileRef = 2C72FD30095819440091C86F /* main.c */; };
		2C72FE82095836670091C86F /* CoreFoundation.framework in Frameworks */ = {isa = PBXBuildFile; fileRef = 0AA1909FFE8422F4C02AAC07 /* CoreFoundation.framework */; };
		2C72FE83095836670091C86F /* Carbon.framework in Frameworks */ = {isa = PBXBuildFile; fileRef = 2C72FD2D095819360091C86F /* Carbon.framework */; };
		2C72FE850958366C0091C86F /* main.c in Sources */ = {isa = PBXBuildFile; fileRef = 2C72FD30095819440091C86F /* main.c */; };
		2C72FEAB095838150091C86F /* ApplicationServices.framework in Frameworks */ = {isa = PBXBuildFile; fileRef = 2C72FEAA095838150091C86F /* ApplicationServices.framework */; };
		2C72FEAC095838150091C86F /* ApplicationServices.framework in Frameworks */ = {isa = PBXBuildFile; fileRef = 2C72FEAA095838150091C86F /* ApplicationServices.framework */; };
		2C72FFB509583FB90091C86F /* URI Escape.r in Rez */ = {isa = PBXBuildFile; fileRef = 2C72FFB109583F760091C86F /* URI Escape.r */; };
		2C80078709ED23D900E9B3AC /* URIEscape.c in Sources */ = {isa = PBXBuildFile; fileRef = 2C80078609ED23D900E9B3AC /* URIEscape.c */; };
		2C80078809ED23D900E9B3AC /* URIEscape.c in Sources */ = {isa = PBXBuildFile; fileRef = 2C80078609ED23D900E9B3AC /* URIEscape.c */; };
		2CB1DC651084F79E007CDBA3 /* URI Escape.sdef in Resources */ = {isa = PBXBuildFile; fileRef = 2C72FFAF09583F670091C86F /* URI Escape.sdef */; };
		2CB1DC681084F79E007CDBA3 /* main.c in Sources */ = {isa = PBXBuildFile; fileRef = 2C72FD30095819440091C86F /* main.c */; };
		2CB1DC691084F79E007CDBA3 /* URIEscape.c in Sources */ = {isa = PBXBuildFile; fileRef = 2C80078609ED23D900E9B3AC /* URIEscape.c */; };
		2CB1DC6A1084F79E007CDBA3 /* AEUtils.c in Sources */ = {isa = PBXBuildFile; fileRef = 2CD2B1C50B96CA9A00DD307C /* AEUtils.c */; };
		2CB1DC6C1084F79E007CDBA3 /* CoreFoundation.framework in Frameworks */ = {isa = PBXBuildFile; fileRef = 0AA1909FFE8422F4C02AAC07 /* CoreFoundation.framework */; };
		2CB1DC6D1084F79E007CDBA3 /* Carbon.framework in Frameworks */ = {isa = PBXBuildFile; fileRef = 2C72FD2D095819360091C86F /* Carbon.framework */; };
		2CB1DC6E1084F79E007CDBA3 /* ApplicationServices.framework in Frameworks */ = {isa = PBXBuildFile; fileRef = 2C72FEAA095838150091C86F /* ApplicationServices.framework */; };
		2CB1DC6F1084F79E007CDBA3 /* CoreServices.framework in Frameworks */ = {isa = PBXBuildFile; fileRef = 2C5A4D78107CA23C00828B7D /* CoreServices.framework */; };
		2CB1DC711084F79E007CDBA3 /* URI Escape.r in Rez */ = {isa = PBXBuildFile; fileRef = 2C72FFB109583F760091C86F /* URI Escape.r */; };
		2CB6DAB709591BA0009A18B4 /* URI Escape.r in Rez */ = {isa = PBXBuildFile; fileRef = 2C72FFB109583F760091C86F /* URI Escape.r */; };
		2CD2B1C70B96CA9A00DD307C /* AEUtils.c in Sources */ = {isa = PBXBuildFile; fileRef = 2CD2B1C50B96CA9A00DD307C /* AEUtils.c */; };
		2CD2B1C80B96CA9A00DD307C /* AEUtils.c in Sources */ = {isa = PBXBuildFile; fileRef = 2CD2B1C50B96CA9A00DD307C /* AEUtils.c */; };
		2CD84E441036607300C1CFA3 /* URI Escape.sdef in Resources */ = {isa = PBXBuildFile; fileRef = 2C72FFAF09583F670091C86F /* URI Escape.sdef */; };
		2CFF37041223CAF6001C2505 /* URI Escape.sdef in Resources */ = {isa = PBXBuildFile; fileRef = 2C72FFAF09583F670091C86F /* URI Escape.sdef */; };
		2CFF37081223CAF6001C2505 /* main.c in Sources */ = {isa = PBXBuildFile; fileRef = 2C72FD30095819440091C86F /* main.c */; };
		2CFF37091223CAF6001C2505 /* URIEscape.c in Sources */ = {isa = PBXBuildFile; fileRef = 2C80078609ED23D900E9B3AC /* URIEscape.c */; };
		2CFF370A1223CAF6001C2505 /* AEUtils.c in Sources */ = {isa = PBXBuildFile; fileRef = 2CD2B1C50B96CA9A00DD307C /* AEUtils.c */; };
		2CFF370C1223CAF6001C2505 /* CoreFoundation.framework in Frameworks */ = {isa = PBXBuildFile; fileRef = 0AA1909FFE8422F4C02AAC07 /* CoreFoundation.framework */; };
		2CFF370D1223CAF6001C2505 /* Carbon.framework in Frameworks */ = {isa = PBXBuildFile; fileRef = 2C72FD2D095819360091C86F /* Carbon.framework */; };
		2CFF370E1223CAF6001C2505 /* ApplicationServices.framework in Frameworks */ = {isa = PBXBuildFile; fileRef = 2C72FEAA095838150091C86F /* ApplicationServices.framework */; };
		2CFF370F1223CAF6001C2505 /* CoreServices.framework in Frameworks */ = {isa = PBXBuildFile; fileRef = 2C5A4D78107CA23C00828B7D /* CoreServices.framework */; };
		2CFF37111223CAF6001C2505 /* URI Escape.r in Rez */ = {isa = PBXBuildFile; fileRef = 2C72FFB109583F760091C86F /* URI Escape.r */; };
		8D576314048677EA00EA77CD /* CoreFoundation.framework in Frameworks */ = {isa = PBXBuildFile; fileRef = 0AA1909FFE8422F4C02AAC07 /* CoreFoundation.framework */; };
/* End PBXBuildFile section */

/* Begin PBXFileReference section */
		0AA1909FFE8422F4C02AAC07 /* CoreFoundation.framework */ = {isa = PBXFileReference; lastKnownFileType = wrapper.framework; name = CoreFoundation.framework; path = /System/Library/Frameworks/CoreFoundation.framework; sourceTree = "<absolute>"; };
		2C5A4D78107CA23C00828B7D /* CoreServices.framework */ = {isa = PBXFileReference; lastKnownFileType = wrapper.framework; name = CoreServices.framework; path = /System/Library/Frameworks/CoreServices.framework; sourceTree = "<absolute>"; };
		2C72FD2D095819360091C86F /* Carbon.framework */ = {isa = PBXFileReference; lastKnownFileType = wrapper.framework; name = Carbon.framework; path = /System/Library/Frameworks/Carbon.framework; sourceTree = "<absolute>"; };
		2C72FD30095819440091C86F /* main.c */ = {isa = PBXFileReference; fileEncoding = 4; lastKnownFileType = sourcecode.c.c; lineEnding = 0; path = main.c; sourceTree = "<group>"; };
		2C72FDBF095836400091C86F /* URI Escape App.app */ = {isa = PBXFileReference; explicitFileType = wrapper.application; includeInIndex = 0; path = "URI Escape App.app"; sourceTree = BUILT_PRODUCTS_DIR; };
		2C72FDC1095836400091C86F /* URI Escape App-Info.plist */ = {isa = PBXFileReference; lastKnownFileType = text.plist.xml; path = "URI Escape App-Info.plist"; sourceTree = "<group>"; };
		2C72FEAA095838150091C86F /* ApplicationServices.framework */ = {isa = PBXFileReference; lastKnownFileType = wrapper.framework; name = ApplicationServices.framework; path = /System/Library/Frameworks/ApplicationServices.framework; sourceTree = "<absolute>"; };
		2C72FFAF09583F670091C86F /* URI Escape.sdef */ = {isa = PBXFileReference; fileEncoding = 4; lastKnownFileType = text.sdef; path = "URI Escape.sdef"; sourceTree = "<group>"; };
		2C72FFB109583F760091C86F /* URI Escape.r */ = {isa = PBXFileReference; fileEncoding = 4; lastKnownFileType = sourcecode.rez; path = "URI Escape.r"; sourceTree = "<group>"; };
		2C80078509ED23D900E9B3AC /* URIEscape.h */ = {isa = PBXFileReference; fileEncoding = 4; lastKnownFileType = sourcecode.c.h; path = URIEscape.h; sourceTree = "<group>"; };
		2C80078609ED23D900E9B3AC /* URIEscape.c */ = {isa = PBXFileReference; fileEncoding = 4; lastKnownFileType = sourcecode.c.c; path = URIEscape.c; sourceTree = "<group>"; };
		2CB1DC751084F79E007CDBA3 /* URI Escape.osax */ = {isa = PBXFileReference; explicitFileType = wrapper.cfbundle; includeInIndex = 0; path = "URI Escape.osax"; sourceTree = BUILT_PRODUCTS_DIR; };
		2CB1DC761084F79E007CDBA3 /* Info_10_5.plist */ = {isa = PBXFileReference; lastKnownFileType = text.plist.xml; path = Info_10_5.plist; sourceTree = "<group>"; };
		2CD2B1C50B96CA9A00DD307C /* AEUtils.c */ = {isa = PBXFileReference; fileEncoding = 4; lastKnownFileType = sourcecode.c.c; lineEnding = 0; path = AEUtils.c; sourceTree = "<group>"; };
		2CD2B1C60B96CA9A00DD307C /* AEUtils.h */ = {isa = PBXFileReference; fileEncoding = 0; lastKnownFileType = sourcecode.c.h; path = AEUtils.h; sourceTree = "<group>"; };
		2CE132DC1032C33C00578ACF /* History.rd */ = {isa = PBXFileReference; fileEncoding = 4; lastKnownFileType = text; name = History.rd; path = ../History.rd; sourceTree = SOURCE_ROOT; };
		2CF3823710384A8C009F82AE /* test script.scpt */ = {isa = PBXFileReference; fileEncoding = 4; lastKnownFileType = sourcecode.scpt; path = "test script.scpt"; sourceTree = "<group>"; };
		2CFF37151223CAF6001C2505 /* URI Escape.osax */ = {isa = PBXFileReference; explicitFileType = wrapper.cfbundle; includeInIndex = 0; path = "URI Escape.osax"; sourceTree = BUILT_PRODUCTS_DIR; };
		8D576316048677EA00EA77CD /* URI Escape.osax */ = {isa = PBXFileReference; explicitFileType = wrapper.cfbundle; includeInIndex = 0; path = "URI Escape.osax"; sourceTree = BUILT_PRODUCTS_DIR; };
		8D576317048677EA00EA77CD /* Info_10_6.plist */ = {isa = PBXFileReference; explicitFileType = text.plist.xml; fileEncoding = 4; path = Info_10_6.plist; sourceTree = "<group>"; };
/* End PBXFileReference section */

/* Begin PBXFrameworksBuildPhase section */
		2C72FDBD095836400091C86F /* Frameworks */ = {
			isa = PBXFrameworksBuildPhase;
			buildActionMask = 2147483647;
			files = (
				2C72FE82095836670091C86F /* CoreFoundation.framework in Frameworks */,
				2C72FE83095836670091C86F /* Carbon.framework in Frameworks */,
				2C72FEAC095838150091C86F /* ApplicationServices.framework in Frameworks */,
			);
			runOnlyForDeploymentPostprocessing = 0;
		};
		2CB1DC6B1084F79E007CDBA3 /* Frameworks */ = {
			isa = PBXFrameworksBuildPhase;
			buildActionMask = 2147483647;
			files = (
				2CB1DC6C1084F79E007CDBA3 /* CoreFoundation.framework in Frameworks */,
				2CB1DC6D1084F79E007CDBA3 /* Carbon.framework in Frameworks */,
				2CB1DC6E1084F79E007CDBA3 /* ApplicationServices.framework in Frameworks */,
				2CB1DC6F1084F79E007CDBA3 /* CoreServices.framework in Frameworks */,
			);
			runOnlyForDeploymentPostprocessing = 0;
		};
		2CFF370B1223CAF6001C2505 /* Frameworks */ = {
			isa = PBXFrameworksBuildPhase;
			buildActionMask = 2147483647;
			files = (
				2CFF370C1223CAF6001C2505 /* CoreFoundation.framework in Frameworks */,
				2CFF370D1223CAF6001C2505 /* Carbon.framework in Frameworks */,
				2CFF370E1223CAF6001C2505 /* ApplicationServices.framework in Frameworks */,
				2CFF370F1223CAF6001C2505 /* CoreServices.framework in Frameworks */,
			);
			runOnlyForDeploymentPostprocessing = 0;
		};
		8D576313048677EA00EA77CD /* Frameworks */ = {
			isa = PBXFrameworksBuildPhase;
			buildActionMask = 2147483647;
			files = (
				8D576314048677EA00EA77CD /* CoreFoundation.framework in Frameworks */,
				2C72FD2E095819360091C86F /* Carbon.framework in Frameworks */,
				2C72FEAB095838150091C86F /* ApplicationServices.framework in Frameworks */,
				2C5A4D79107CA23C00828B7D /* CoreServices.framework in Frameworks */,
			);
			runOnlyForDeploymentPostprocessing = 0;
		};
/* End PBXFrameworksBuildPhase section */

/* Begin PBXGroup section */
		089C166AFE841209C02AAC07 /* UnEscapeURL */ = {
			isa = PBXGroup;
			children = (
				2CF3823710384A8C009F82AE /* test script.scpt */,
				2CE132DC1032C33C00578ACF /* History.rd */,
				2CD2B1C40B96CA9A00DD307C /* AEUtils */,
				08FB77AFFE84173DC02AAC07 /* Source */,
				089C167CFE841241C02AAC07 /* Resources */,
				089C1671FE841209C02AAC07 /* External Frameworks and Libraries */,
				19C28FB6FE9D52B211CA2CBB /* Products */,
			);
			name = UnEscapeURL;
			sourceTree = "<group>";
		};
		089C1671FE841209C02AAC07 /* External Frameworks and Libraries */ = {
			isa = PBXGroup;
			children = (
				2C5A4D78107CA23C00828B7D /* CoreServices.framework */,
				2C72FEAA095838150091C86F /* ApplicationServices.framework */,
				2C72FD2D095819360091C86F /* Carbon.framework */,
				0AA1909FFE8422F4C02AAC07 /* CoreFoundation.framework */,
			);
			name = "External Frameworks and Libraries";
			sourceTree = "<group>";
		};
		089C167CFE841241C02AAC07 /* Resources */ = {
			isa = PBXGroup;
			children = (
				2C72FFAF09583F670091C86F /* URI Escape.sdef */,
				2C72FDC1095836400091C86F /* URI Escape App-Info.plist */,
				8D576317048677EA00EA77CD /* Info_10_6.plist */,
				2CB1DC761084F79E007CDBA3 /* Info_10_5.plist */,
				2C72FFB109583F760091C86F /* URI Escape.r */,
			);
			name = Resources;
			sourceTree = "<group>";
		};
		08FB77AFFE84173DC02AAC07 /* Source */ = {
			isa = PBXGroup;
			children = (
				2C72FD30095819440091C86F /* main.c */,
				2C80078509ED23D900E9B3AC /* URIEscape.h */,
				2C80078609ED23D900E9B3AC /* URIEscape.c */,
			);
			name = Source;
			sourceTree = "<group>";
		};
		19C28FB6FE9D52B211CA2CBB /* Products */ = {
			isa = PBXGroup;
			children = (
				8D576316048677EA00EA77CD /* URI Escape.osax */,
				2C72FDBF095836400091C86F /* URI Escape App.app */,
				2CB1DC751084F79E007CDBA3 /* URI Escape.osax */,
				2CFF37151223CAF6001C2505 /* URI Escape.osax */,
			);
			name = Products;
			sourceTree = "<group>";
		};
		2CD2B1C40B96CA9A00DD307C /* AEUtils */ = {
			isa = PBXGroup;
			children = (
				2CD2B1C50B96CA9A00DD307C /* AEUtils.c */,
				2CD2B1C60B96CA9A00DD307C /* AEUtils.h */,
			);
			path = AEUtils;
			sourceTree = "<group>";
		};
/* End PBXGroup section */

/* Begin PBXNativeTarget section */
		2C72FDBE095836400091C86F /* URI Escape App */ = {
			isa = PBXNativeTarget;
			buildConfigurationList = 2C72FDC2095836410091C86F /* Build configuration list for PBXNativeTarget "URI Escape App" */;
			buildPhases = (
				2C72FDBB095836400091C86F /* Resources */,
				2C72FDBC095836400091C86F /* Sources */,
				2C72FDBD095836400091C86F /* Frameworks */,
				2C72FFB209583FAC0091C86F /* Rez */,
			);
			buildRules = (
			);
			dependencies = (
			);
			name = "URI Escape App";
			productName = "URL Unescape App";
			productReference = 2C72FDBF095836400091C86F /* URI Escape App.app */;
			productType = "com.apple.product-type.application";
		};
		2CB1DC631084F79E007CDBA3 /* URI Escape for 10.5 */ = {
			isa = PBXNativeTarget;
			buildConfigurationList = 2CB1DC721084F79E007CDBA3 /* Build configuration list for PBXNativeTarget "URI Escape for 10.5" */;
			buildPhases = (
				2CB1DC641084F79E007CDBA3 /* Resources */,
				2CB1DC661084F79E007CDBA3 /* ShellScript */,
				2C17BCAF122527FC00720F71 /* ShellScript */,
				2CB1DC671084F79E007CDBA3 /* Sources */,
				2CB1DC6B1084F79E007CDBA3 /* Frameworks */,
				2CB1DC701084F79E007CDBA3 /* Rez */,
			);
			buildRules = (
			);
			dependencies = (
			);
			name = "URI Escape for 10.5";
			productInstallPath = "$(HOME)/Library/Bundles";
			productName = UnEscapeURL;
			productReference = 2CB1DC751084F79E007CDBA3 /* URI Escape.osax */;
			productType = "com.apple.product-type.bundle";
		};
		2CFF37021223CAF6001C2505 /* URI Escape for 10.4 */ = {
			isa = PBXNativeTarget;
			buildConfigurationList = 2CFF37121223CAF6001C2505 /* Build configuration list for PBXNativeTarget "URI Escape for 10.4" */;
			buildPhases = (
				2CFF37031223CAF6001C2505 /* Resources */,
				2CFF37061223CAF6001C2505 /* ShellScript */,
				2CFF37071223CAF6001C2505 /* Sources */,
				2CFF370B1223CAF6001C2505 /* Frameworks */,
				2CFF37101223CAF6001C2505 /* Rez */,
			);
			buildRules = (
			);
			dependencies = (
			);
			name = "URI Escape for 10.4";
			productInstallPath = "$(HOME)/Library/Bundles";
			productName = UnEscapeURL;
			productReference = 2CFF37151223CAF6001C2505 /* URI Escape.osax */;
			productType = "com.apple.product-type.bundle";
		};
		8D57630D048677EA00EA77CD /* URI Escape */ = {
			isa = PBXNativeTarget;
			buildConfigurationList = 1DEB911A08733D790010E9CD /* Build configuration list for PBXNativeTarget "URI Escape" */;
			buildPhases = (
				8D57630F048677EA00EA77CD /* Resources */,
				2CD84E421036605100C1CFA3 /* ShellScript */,
				8D576311048677EA00EA77CD /* Sources */,
				8D576313048677EA00EA77CD /* Frameworks */,
				2CB6DAA209591B9A009A18B4 /* Rez */,
			);
			buildRules = (
			);
			dependencies = (
			);
			name = "URI Escape";
			productInstallPath = "$(HOME)/Library/Bundles";
			productName = UnEscapeURL;
			productReference = 8D576316048677EA00EA77CD /* URI Escape.osax */;
			productType = "com.apple.product-type.bundle";
		};
/* End PBXNativeTarget section */

/* Begin PBXProject section */
		089C1669FE841209C02AAC07 /* Project object */ = {
			isa = PBXProject;
			buildConfigurationList = 1DEB911E08733D790010E9CD /* Build configuration list for PBXProject "URIEscape" */;
			compatibilityVersion = "Xcode 3.1";
			hasScannedForEncodings = 1;
			mainGroup = 089C166AFE841209C02AAC07 /* UnEscapeURL */;
			projectDirPath = "";
			projectRoot = "";
			targets = (
				8D57630D048677EA00EA77CD /* URI Escape */,
				2CB1DC631084F79E007CDBA3 /* URI Escape for 10.5 */,
				2CFF37021223CAF6001C2505 /* URI Escape for 10.4 */,
				2C72FDBE095836400091C86F /* URI Escape App */,
			);
		};
/* End PBXProject section */

/* Begin PBXResourcesBuildPhase section */
		2C72FDBB095836400091C86F /* Resources */ = {
			isa = PBXResourcesBuildPhase;
			buildActionMask = 2147483647;
			files = (
			);
			runOnlyForDeploymentPostprocessing = 0;
		};
		2CB1DC641084F79E007CDBA3 /* Resources */ = {
			isa = PBXResourcesBuildPhase;
			buildActionMask = 2147483647;
			files = (
				2CB1DC651084F79E007CDBA3 /* URI Escape.sdef in Resources */,
			);
			runOnlyForDeploymentPostprocessing = 0;
		};
		2CFF37031223CAF6001C2505 /* Resources */ = {
			isa = PBXResourcesBuildPhase;
			buildActionMask = 2147483647;
			files = (
				2CFF37041223CAF6001C2505 /* URI Escape.sdef in Resources */,
			);
			runOnlyForDeploymentPostprocessing = 0;
		};
		8D57630F048677EA00EA77CD /* Resources */ = {
			isa = PBXResourcesBuildPhase;
			buildActionMask = 2147483647;
			files = (
				2CD84E441036607300C1CFA3 /* URI Escape.sdef in Resources */,
			);
			runOnlyForDeploymentPostprocessing = 0;
		};
/* End PBXResourcesBuildPhase section */

/* Begin PBXRezBuildPhase section */
		2C72FFB209583FAC0091C86F /* Rez */ = {
			isa = PBXRezBuildPhase;
			buildActionMask = 2147483647;
			files = (
				2C72FFB509583FB90091C86F /* URI Escape.r in Rez */,
			);
			runOnlyForDeploymentPostprocessing = 0;
		};
		2CB1DC701084F79E007CDBA3 /* Rez */ = {
			isa = PBXRezBuildPhase;
			buildActionMask = 2147483647;
			files = (
				2CB1DC711084F79E007CDBA3 /* URI Escape.r in Rez */,
			);
			runOnlyForDeploymentPostprocessing = 0;
		};
		2CB6DAA209591B9A009A18B4 /* Rez */ = {
			isa = PBXRezBuildPhase;
			buildActionMask = 2147483647;
			files = (
				2CB6DAB709591BA0009A18B4 /* URI Escape.r in Rez */,
			);
			runOnlyForDeploymentPostprocessing = 0;
		};
		2CFF37101223CAF6001C2505 /* Rez */ = {
			isa = PBXRezBuildPhase;
			buildActionMask = 2147483647;
			files = (
				2CFF37111223CAF6001C2505 /* URI Escape.r in Rez */,
			);
			runOnlyForDeploymentPostprocessing = 0;
		};
/* End PBXRezBuildPhase section */

/* Begin PBXShellScriptBuildPhase section */
		2C17BCAF122527FC00720F71 /* ShellScript */ = {
			isa = PBXShellScriptBuildPhase;
			buildActionMask = 2147483647;
			files = (
			);
			inputPaths = (
				"$(SRCROOT)/Info_10_6.plist",
			);
			outputPaths = (
			);
			runOnlyForDeploymentPostprocessing = 0;
			shellPath = /bin/sh;
			shellScript = "fname=Info_10_6.plist\nplist=`cat \"${SRCROOT}/${fname}\"`\neval echo \\\"$plist\\\" > \"${BUILT_PRODUCTS_DIR}/${UNLOCALIZED_RESOURCES_FOLDER_PATH}/${fname}\"\n";
			showEnvVarsInLog = 0;
		};
		2CB1DC661084F79E007CDBA3 /* ShellScript */ = {
			isa = PBXShellScriptBuildPhase;
			buildActionMask = 2147483647;
			files = (
			);
			inputPaths = (
				"$(SRCROOT)/URI Escape.sdef",
			);
			outputPaths = (
				"$(DERIVED_FILE_DIR)/URI Escape.r",
			);
			runOnlyForDeploymentPostprocessing = 0;
			shellPath = /bin/sh;
			shellScript = "/usr/bin/sdp -f a -o \"${SRCROOT}/URI Escape.r\" \"URI Escape.sdef\"";
			showEnvVarsInLog = 0;
		};
		2CD84E421036605100C1CFA3 /* ShellScript */ = {
			isa = PBXShellScriptBuildPhase;
			buildActionMask = 2147483647;
			files = (
			);
			inputPaths = (
				"$(SRCROOT)/URI Escape.sdef",
			);
			outputPaths = (
				"$(DERIVED_FILE_DIR)/URI Escape.r",
			);
			runOnlyForDeploymentPostprocessing = 0;
			shellPath = /bin/sh;
			shellScript = "/usr/bin/sdp -f a -o \"${SRCROOT}/URI Escape.r\" \"URI Escape.sdef\"";
		};
		2CFF37061223CAF6001C2505 /* ShellScript */ = {
			isa = PBXShellScriptBuildPhase;
			buildActionMask = 2147483647;
			files = (
			);
			inputPaths = (
				"$(SRCROOT)/URI Escape.sdef",
			);
			outputPaths = (
				"$(DERIVED_FILE_DIR)/URI Escape.r",
			);
			runOnlyForDeploymentPostprocessing = 0;
			shellPath = /bin/sh;
			shellScript = "/usr/bin/sdp -f a -o \"${SRCROOT}/URI Escape.r\" \"URI Escape.sdef\"";
		};
/* End PBXShellScriptBuildPhase section */

/* Begin PBXSourcesBuildPhase section */
		2C72FDBC095836400091C86F /* Sources */ = {
			isa = PBXSourcesBuildPhase;
			buildActionMask = 2147483647;
			files = (
				2C72FE850958366C0091C86F /* main.c in Sources */,
				2C80078809ED23D900E9B3AC /* URIEscape.c in Sources */,
				2CD2B1C80B96CA9A00DD307C /* AEUtils.c in Sources */,
			);
			runOnlyForDeploymentPostprocessing = 0;
		};
		2CB1DC671084F79E007CDBA3 /* Sources */ = {
			isa = PBXSourcesBuildPhase;
			buildActionMask = 2147483647;
			files = (
				2CB1DC681084F79E007CDBA3 /* main.c in Sources */,
				2CB1DC691084F79E007CDBA3 /* URIEscape.c in Sources */,
				2CB1DC6A1084F79E007CDBA3 /* AEUtils.c in Sources */,
			);
			runOnlyForDeploymentPostprocessing = 0;
		};
		2CFF37071223CAF6001C2505 /* Sources */ = {
			isa = PBXSourcesBuildPhase;
			buildActionMask = 2147483647;
			files = (
				2CFF37081223CAF6001C2505 /* main.c in Sources */,
				2CFF37091223CAF6001C2505 /* URIEscape.c in Sources */,
				2CFF370A1223CAF6001C2505 /* AEUtils.c in Sources */,
			);
			runOnlyForDeploymentPostprocessing = 0;
		};
		8D576311048677EA00EA77CD /* Sources */ = {
			isa = PBXSourcesBuildPhase;
			buildActionMask = 2147483647;
			files = (
				2C72FD31095819440091C86F /* main.c in Sources */,
				2C80078709ED23D900E9B3AC /* URIEscape.c in Sources */,
				2CD2B1C70B96CA9A00DD307C /* AEUtils.c in Sources */,
			);
			runOnlyForDeploymentPostprocessing = 0;
		};
/* End PBXSourcesBuildPhase section */

/* Begin XCBuildConfiguration section */
		1DEB911B08733D790010E9CD /* Debug */ = {
			isa = XCBuildConfiguration;
			buildSettings = {
				COPY_PHASE_STRIP = NO;
				CURRENT_PROJECT_VERSION = 5;
				GCC_DYNAMIC_NO_PIC = NO;
				GCC_ENABLE_FIX_AND_CONTINUE = YES;
				GCC_MODEL_TUNING = G5;
				GCC_OPTIMIZATION_LEVEL = 0;
				INFOPLIST_FILE = Info_10_6.plist;
				INSTALL_PATH = "$(HOME)/Library/ScriptingAdditions";
				OTHER_LDFLAGS = "";
				PRODUCT_NAME = "URI Escape";
				VERSIONING_SYSTEM = "apple-generic";
				WRAPPER_EXTENSION = osax;
				ZERO_LINK = YES;
			};
			name = Debug;
		};
		1DEB911C08733D790010E9CD /* Release */ = {
			isa = XCBuildConfiguration;
			buildSettings = {
				CURRENT_PROJECT_VERSION = 5;
				GCC_GENERATE_DEBUGGING_SYMBOLS = NO;
				GCC_MODEL_TUNING = G5;
				INFOPLIST_FILE = Info_10_6.plist;
				INSTALL_PATH = /Library/ScriptingAdditions;
				PRODUCT_NAME = "URI Escape";
				VERSIONING_SYSTEM = "apple-generic";
				WRAPPER_EXTENSION = osax;
			};
			name = Release;
		};
		1DEB911F08733D790010E9CD /* Debug */ = {
			isa = XCBuildConfiguration;
			buildSettings = {
				ARCHS = "$(ARCHS_STANDARD_32_64_BIT)";
				GCC_C_LANGUAGE_STANDARD = c99;
				GCC_WARN_ABOUT_RETURN_TYPE = YES;
				GCC_WARN_UNUSED_VARIABLE = YES;
				INSTALL_PATH = /Library/ScriptingAdditions;
				PREBINDING = NO;
				SDKROOT = macosx10.5;
				VALID_ARCHS = "x86_64 i386 ppc ppc64 ppc7400 ppc970";
			};
			name = Debug;
		};
		1DEB912008733D790010E9CD /* Release */ = {
			isa = XCBuildConfiguration;
			buildSettings = {
				ARCHS = "$(ARCHS_STANDARD_32_64_BIT)";
				GCC_C_LANGUAGE_STANDARD = c99;
				GCC_WARN_ABOUT_RETURN_TYPE = YES;
				GCC_WARN_UNUSED_VARIABLE = YES;
				INSTALL_PATH = /Library/ScriptingAdditions;
				PREBINDING = NO;
				SDKROOT = macosx10.5;
				VALID_ARCHS = "i386 x86_64 ppc ppc64 ppc7400 ppc970";
			};
			name = Release;
		};
		2C72FDC3095836410091C86F /* Debug */ = {
			isa = XCBuildConfiguration;
			buildSettings = {
				COPY_PHASE_STRIP = NO;
				GCC_DYNAMIC_NO_PIC = NO;
				GCC_ENABLE_FIX_AND_CONTINUE = YES;
				GCC_GENERATE_DEBUGGING_SYMBOLS = YES;
				GCC_MODEL_TUNING = G5;
				GCC_OPTIMIZATION_LEVEL = 0;
				GCC_PRECOMPILE_PREFIX_HEADER = YES;
				GCC_PREFIX_HEADER = "$(SYSTEM_LIBRARY_DIR)/Frameworks/Carbon.framework/Headers/Carbon.h";
				INFOPLIST_FILE = "URI Escape App-Info.plist";
				INSTALL_PATH = "$(HOME)/Applications";
				OTHER_LDFLAGS = (
					"-framework",
					Carbon,
				);
				PREBINDING = NO;
				PRODUCT_NAME = "URI Escape App";
				WRAPPER_EXTENSION = app;
				ZERO_LINK = YES;
			};
			name = Debug;
		};
		2C72FDC4095836410091C86F /* Release */ = {
			isa = XCBuildConfiguration;
			buildSettings = {
				COPY_PHASE_STRIP = YES;
				GCC_ENABLE_FIX_AND_CONTINUE = NO;
				GCC_GENERATE_DEBUGGING_SYMBOLS = NO;
				GCC_MODEL_TUNING = G5;
				GCC_PRECOMPILE_PREFIX_HEADER = YES;
				GCC_PREFIX_HEADER = "$(SYSTEM_LIBRARY_DIR)/Frameworks/Carbon.framework/Headers/Carbon.h";
				INFOPLIST_FILE = "URI Escape App-Info.plist";
				INSTALL_PATH = "$(HOME)/Applications";
				OTHER_LDFLAGS = (
					"-framework",
					Carbon,
				);
				PREBINDING = NO;
				PRODUCT_NAME = "URI Escape App";
				WRAPPER_EXTENSION = app;
				ZERO_LINK = NO;
			};
			name = Release;
		};
		2CB1DC731084F79E007CDBA3 /* Debug */ = {
			isa = XCBuildConfiguration;
			buildSettings = {
				COPY_PHASE_STRIP = NO;
				CURRENT_PROJECT_VERSION = 5;
				GCC_DYNAMIC_NO_PIC = NO;
				GCC_ENABLE_FIX_AND_CONTINUE = YES;
				GCC_MODEL_TUNING = G5;
				GCC_OPTIMIZATION_LEVEL = 0;
				INFOPLIST_FILE = Info_10_5.plist;
				INSTALL_PATH = "$(HOME)/Library/ScriptingAdditions";
				OTHER_LDFLAGS = "";
				PRODUCT_NAME = "URI Escape";
				SYMROOT = build_10_5;
				VERSIONING_SYSTEM = "apple-generic";
				WRAPPER_EXTENSION = osax;
				ZERO_LINK = YES;
			};
			name = Debug;
		};
		2CB1DC741084F79E007CDBA3 /* Release */ = {
			isa = XCBuildConfiguration;
			buildSettings = {
				CURRENT_PROJECT_VERSION = 5;
				GCC_GENERATE_DEBUGGING_SYMBOLS = NO;
				GCC_MODEL_TUNING = G5;
				INFOPLIST_FILE = Info_10_5.plist;
				INSTALL_PATH = /Library/ScriptingAdditions;
				PRODUCT_NAME = "URI Escape";
				SYMROOT = build_10_5;
				VERSIONING_SYSTEM = "apple-generic";
				WRAPPER_EXTENSION = osax;
			};
			name = Release;
		};
		2CFF37131223CAF6001C2505 /* Debug */ = {
			isa = XCBuildConfiguration;
			buildSettings = {
				ARCHS = "$(ARCHS_STANDARD_32_BIT)";
				COPY_PHASE_STRIP = NO;
				CURRENT_PROJECT_VERSION = 5;
				GCC_DYNAMIC_NO_PIC = NO;
				GCC_ENABLE_FIX_AND_CONTINUE = YES;
				GCC_MODEL_TUNING = G5;
				GCC_OPTIMIZATION_LEVEL = 0;
				INFOPLIST_FILE = Info_10_5.plist;
				INSTALL_PATH = "$(HOME)/Library/ScriptingAdditions";
				OTHER_LDFLAGS = "";
				PRODUCT_NAME = "URI Escape";
				SDKROOT = macosx10.4;
				SYMROOT = build_10_4;
				VERSIONING_SYSTEM = "apple-generic";
				WRAPPER_EXTENSION = osax;
				ZERO_LINK = YES;
			};
			name = Debug;
		};
		2CFF37141223CAF6001C2505 /* Release */ = {
			isa = XCBuildConfiguration;
			buildSettings = {
				ARCHS = "$(ARCHS_STANDARD_32_BIT)";
				CURRENT_PROJECT_VERSION = 5;
				GCC_GENERATE_DEBUGGING_SYMBOLS = NO;
				GCC_MODEL_TUNING = G5;
				INFOPLIST_FILE = Info_10_5.plist;
				INSTALL_PATH = /Library/ScriptingAdditions;
				PRODUCT_NAME = "URI Escape";
				SDKROOT = macosx10.4;
				SYMROOT = build_10_4;
				VERSIONING_SYSTEM = "apple-generic";
				WRAPPER_EXTENSION = osax;
			};
			name = Release;
		};
/* End XCBuildConfiguration section */

/* Begin XCConfigurationList section */
		1DEB911A08733D790010E9CD /* Build configuration list for PBXNativeTarget "URI Escape" */ = {
			isa = XCConfigurationList;
			buildConfigurations = (
				1DEB911B08733D790010E9CD /* Debug */,
				1DEB911C08733D790010E9CD /* Release */,
			);
			defaultConfigurationIsVisible = 0;
			defaultConfigurationName = Release;
		};
		1DEB911E08733D790010E9CD /* Build configuration list for PBXProject "URIEscape" */ = {
			isa = XCConfigurationList;
			buildConfigurations = (
				1DEB911F08733D790010E9CD /* Debug */,
				1DEB912008733D790010E9CD /* Release */,
			);
			defaultConfigurationIsVisible = 0;
			defaultConfigurationName = Release;
		};
		2C72FDC2095836410091C86F /* Build configuration list for PBXNativeTarget "URI Escape App" */ = {
			isa = XCConfigurationList;
			buildConfigurations = (
				2C72FDC3095836410091C86F /* Debug */,
				2C72FDC4095836410091C86F /* Release */,
			);
			defaultConfigurationIsVisible = 0;
			defaultConfigurationName = Release;
		};
		2CB1DC721084F79E007CDBA3 /* Build configuration list for PBXNativeTarget "URI Escape for 10.5" */ = {
			isa = XCConfigurationList;
			buildConfigurations = (
				2CB1DC731084F79E007CDBA3 /* Debug */,
				2CB1DC741084F79E007CDBA3 /* Release */,
			);
			defaultConfigurationIsVisible = 0;
			defaultConfigurationName = Release;
		};
		2CFF37121223CAF6001C2505 /* Build configuration list for PBXNativeTarget "URI Escape for 10.4" */ = {
			isa = XCConfigurationList;
			buildConfigurations = (
				2CFF37131223CAF6001C2505 /* Debug */,
				2CFF37141223CAF6001C2505 /* Release */,
			);
			defaultConfigurationIsVisible = 0;
			defaultConfigurationName = Release;
		};
/* End XCConfigurationList section */
	};
	rootObject = 089C1669FE841209C02AAC07 /* Project object */;
}
